
Microsoft Visual Studio Solution File, Format Version 12.00
# Visual Studio 15
VisualStudioVersion = 15.0.26124.0
MinimumVisualStudioVersion = 15.0.26124.0
Project("{2150E333-8FDC-42A3-9474-1A3956D46DE8}") = "src", "src", "{FFB786C7-9DD4-4F13-928E-65E8CBAC7708}"
EndProject
Project("{FAE04EC0-301F-11D3-BF4B-00C04F79EFBC}") = "SimpleAPI", "src\SimpleAPI\SimpleAPI.csproj", "{0E28AC7A-8476-4605-A221-782FD85FA521}"
EndProject
Project("{2150E333-8FDC-42A3-9474-1A3956D46DE8}") = "test", "test", "{4089B948-46DB-4B34-B584-C0DC8716B893}"
EndProject
Project("{FAE04EC0-301F-11D3-BF4B-00C04F79EFBC}") = "SimpleAPI.Test", "test\SimpleAPI.Test\SimpleAPI.Test.csproj", "{6C1EF259-22CB-4933-8A75-E2CA620262BA}"
EndProject
Global
	GlobalSection(SolutionConfigurationPlatforms) = preSolution
		Debug|Any CPU = Debug|Any CPU
		Debug|x64 = Debug|x64
		Debug|x86 = Debug|x86
		Release|Any CPU = Release|Any CPU
		Release|x64 = Release|x64
		Release|x86 = Release|x86
	EndGlobalSection
	GlobalSection(SolutionProperties) = preSolution
		HideSolutionNode = FALSE
	EndGlobalSection
	GlobalSection(ProjectConfigurationPlatforms) = postSolution
		{0E28AC7A-8476-4605-A221-782FD85FA521}.Debug|Any CPU.ActiveCfg = Debug|Any CPU
		{0E28AC7A-8476-4605-A221-782FD85FA521}.Debug|Any CPU.Build.0 = Debug|Any CPU
		{0E28AC7A-8476-4605-A221-782FD85FA521}.Debug|x64.ActiveCfg = Debug|Any CPU
		{0E28AC7A-8476-4605-A221-782FD85FA521}.Debug|x64.Build.0 = Debug|Any CPU
		{0E28AC7A-8476-4605-A221-782FD85FA521}.Debug|x86.ActiveCfg = Debug|Any CPU
		{0E28AC7A-8476-4605-A221-782FD85FA521}.Debug|x86.Build.0 = Debug|Any CPU
		{0E28AC7A-8476-4605-A221-782FD85FA521}.Release|Any CPU.ActiveCfg = Release|Any CPU
		{0E28AC7A-8476-4605-A221-782FD85FA521}.Release|Any CPU.Build.0 = Release|Any CPU
		{0E28AC7A-8476-4605-A221-782FD85FA521}.Release|x64.ActiveCfg = Release|Any CPU
		{0E28AC7A-8476-4605-A221-782FD85FA521}.Release|x64.Build.0 = Release|Any CPU
		{0E28AC7A-8476-4605-A221-782FD85FA521}.Release|x86.ActiveCfg = Release|Any CPU
		{0E28AC7A-8476-4605-A221-782FD85FA521}.Release|x86.Build.0 = Release|Any CPU
		{6C1EF259-22CB-4933-8A75-E2CA620262BA}.Debug|Any CPU.ActiveCfg = Debug|Any CPU
		{6C1EF259-22CB-4933-8A75-E2CA620262BA}.Debug|Any CPU.Build.0 = Debug|Any CPU
		{6C1EF259-22CB-4933-8A75-E2CA620262BA}.Debug|x64.ActiveCfg = Debug|Any CPU
		{6C1EF259-22CB-4933-8A75-E2CA620262BA}.Debug|x64.Build.0 = Debug|Any CPU
		{6C1EF259-22CB-4933-8A75-E2CA620262BA}.Debug|x86.ActiveCfg = Debug|Any CPU
		{6C1EF259-22CB-4933-8A75-E2CA620262BA}.Debug|x86.Build.0 = Debug|Any CPU
		{6C1EF259-22CB-4933-8A75-E2CA620262BA}.Release|Any CPU.ActiveCfg = Release|Any CPU
		{6C1EF259-22CB-4933-8A75-E2CA620262BA}.Release|Any CPU.Build.0 = Release|Any CPU
		{6C1EF259-22CB-4933-8A75-E2CA620262BA}.Release|x64.ActiveCfg = Release|Any CPU
		{6C1EF259-22CB-4933-8A75-E2CA620262BA}.Release|x64.Build.0 = Release|Any CPU
		{6C1EF259-22CB-4933-8A75-E2CA620262BA}.Release|x86.ActiveCfg = Release|Any CPU
		{6C1EF259-22CB-4933-8A75-E2CA620262BA}.Release|x86.Build.0 = Release|Any CPU
	EndGlobalSection
	GlobalSection(NestedProjects) = preSolution
		{0E28AC7A-8476-4605-A221-782FD85FA521} = {FFB786C7-9DD4-4F13-928E-65E8CBAC7708}
		{6C1EF259-22CB-4933-8A75-E2CA620262BA} = {4089B948-46DB-4B34-B584-C0DC8716B893}
	EndGlobalSection
EndGlobal
